// !$*UTF8*$!
{
	archiveVersion = 1;
	classes = {
	};
	objectVersion = 46;
	objects = {

/* Begin PBXBuildFile section */
		2E2FB95A1C1C9F95009062D5 /* AppDelegate.swift in Sources */ = {isa = PBXBuildFile; fileRef = 2E2FB9591C1C9F95009062D5 /* AppDelegate.swift */; };
		2E2FB95C1C1C9F95009062D5 /* ViewController.swift in Sources */ = {isa = PBXBuildFile; fileRef = 2E2FB95B1C1C9F95009062D5 /* ViewController.swift */; };
		2E2FB95F1C1C9F95009062D5 /* Main.storyboard in Resources */ = {isa = PBXBuildFile; fileRef = 2E2FB95D1C1C9F95009062D5 /* Main.storyboard */; };
		2E2FB9611C1C9F95009062D5 /* Assets.xcassets in Resources */ = {isa = PBXBuildFile; fileRef = 2E2FB9601C1C9F95009062D5 /* Assets.xcassets */; };
		2E2FB9641C1C9F95009062D5 /* LaunchScreen.storyboard in Resources */ = {isa = PBXBuildFile; fileRef = 2E2FB9621C1C9F95009062D5 /* LaunchScreen.storyboard */; };
		2E2FB96F1C1C9F95009062D5 /* TicTacToeTests.swift in Sources */ = {isa = PBXBuildFile; fileRef = 2E2FB96E1C1C9F95009062D5 /* TicTacToeTests.swift */; };
		2E2FB97A1C1C9FCE009062D5 /* Grid.swift in Sources */ = {isa = PBXBuildFile; fileRef = 2E2FB9791C1C9FCE009062D5 /* Grid.swift */; };
		2E60EB7C1C1CAA8B00C58943 /* Game Logic.swift in Sources */ = {isa = PBXBuildFile; fileRef = 2E60EB7B1C1CAA8B00C58943 /* Game Logic.swift */; };
		2E757A791C1D8A3B0087E174 /* Generic.swift in Sources */ = {isa = PBXBuildFile; fileRef = 2E757A781C1D8A3B0087E174 /* Generic.swift */; };
		2E757A7B1C1DC0C80087E174 /* Field, Sign.swift in Sources */ = {isa = PBXBuildFile; fileRef = 2E757A7A1C1DC0C80087E174 /* Field, Sign.swift */; };
		2E757A7D1C1DC1B70087E174 /* Grid+Lines.swift in Sources */ = {isa = PBXBuildFile; fileRef = 2E757A7C1C1DC1B70087E174 /* Grid+Lines.swift */; };
		2E757A7F1C2039410087E174 /* Directions.swift in Sources */ = {isa = PBXBuildFile; fileRef = 2E757A7E1C2039400087E174 /* Directions.swift */; };
		2E757A811C20395D0087E174 /* Lines.swift in Sources */ = {isa = PBXBuildFile; fileRef = 2E757A801C20395D0087E174 /* Lines.swift */; };
		2E757A831C257A610087E174 /* Rules.swift in Sources */ = {isa = PBXBuildFile; fileRef = 2E757A821C257A610087E174 /* Rules.swift */; };
		2EF169B61C329FBB0099CD45 /* TicTacToeGrid.swift in Sources */ = {isa = PBXBuildFile; fileRef = 2EF169B51C329FBB0099CD45 /* TicTacToeGrid.swift */; };
		2EF169B81C32BFD10099CD45 /* GridButton.swift in Sources */ = {isa = PBXBuildFile; fileRef = 2EF169B71C32BFD10099CD45 /* GridButton.swift */; };
		2EF169BA1C330A7B0099CD45 /* GameLabel.swift in Sources */ = {isa = PBXBuildFile; fileRef = 2EF169B91C330A7B0099CD45 /* GameLabel.swift */; };
		7251DE84BC7BA02A82DF346B /* Pods_TicTacToe.framework in Frameworks */ = {isa = PBXBuildFile; fileRef = FCC2DBC8D79B68EAC6B09943 /* Pods_TicTacToe.framework */; };
/* End PBXBuildFile section */

/* Begin PBXContainerItemProxy section */
		2E2FB96B1C1C9F95009062D5 /* PBXContainerItemProxy */ = {
			isa = PBXContainerItemProxy;
			containerPortal = 2E2FB94E1C1C9F95009062D5 /* Project object */;
			proxyType = 1;
			remoteGlobalIDString = 2E2FB9551C1C9F95009062D5;
			remoteInfo = TicTacToe;
		};
/* End PBXContainerItemProxy section */

/* Begin PBXFileReference section */
		2E2FB9561C1C9F95009062D5 /* TicTacToe.app */ = {isa = PBXFileReference; explicitFileType = wrapper.application; includeInIndex = 0; path = TicTacToe.app; sourceTree = BUILT_PRODUCTS_DIR; };
		2E2FB9591C1C9F95009062D5 /* AppDelegate.swift */ = {isa = PBXFileReference; lastKnownFileType = sourcecode.swift; path = AppDelegate.swift; sourceTree = "<group>"; };
		2E2FB95B1C1C9F95009062D5 /* ViewController.swift */ = {isa = PBXFileReference; lastKnownFileType = sourcecode.swift; path = ViewController.swift; sourceTree = "<group>"; };
		2E2FB95E1C1C9F95009062D5 /* Base */ = {isa = PBXFileReference; lastKnownFileType = file.storyboard; name = Base; path = Base.lproj/Main.storyboard; sourceTree = "<group>"; };
		2E2FB9601C1C9F95009062D5 /* Assets.xcassets */ = {isa = PBXFileReference; lastKnownFileType = folder.assetcatalog; path = Assets.xcassets; sourceTree = "<group>"; };
		2E2FB9631C1C9F95009062D5 /* Base */ = {isa = PBXFileReference; lastKnownFileType = file.storyboard; name = Base; path = Base.lproj/LaunchScreen.storyboard; sourceTree = "<group>"; };
		2E2FB9651C1C9F95009062D5 /* Info.plist */ = {isa = PBXFileReference; lastKnownFileType = text.plist.xml; path = Info.plist; sourceTree = "<group>"; };
		2E2FB96A1C1C9F95009062D5 /* TicTacToeTests.xctest */ = {isa = PBXFileReference; explicitFileType = wrapper.cfbundle; includeInIndex = 0; path = TicTacToeTests.xctest; sourceTree = BUILT_PRODUCTS_DIR; };
		2E2FB96E1C1C9F95009062D5 /* TicTacToeTests.swift */ = {isa = PBXFileReference; lastKnownFileType = sourcecode.swift; path = TicTacToeTests.swift; sourceTree = "<group>"; };
		2E2FB9701C1C9F95009062D5 /* Info.plist */ = {isa = PBXFileReference; lastKnownFileType = text.plist.xml; path = Info.plist; sourceTree = "<group>"; };
		2E2FB9791C1C9FCE009062D5 /* Grid.swift */ = {isa = PBXFileReference; fileEncoding = 4; lastKnownFileType = sourcecode.swift; path = Grid.swift; sourceTree = "<group>"; };
		2E60EB7B1C1CAA8B00C58943 /* Game Logic.swift */ = {isa = PBXFileReference; fileEncoding = 4; lastKnownFileType = sourcecode.swift; path = "Game Logic.swift"; sourceTree = "<group>"; };
		2E757A781C1D8A3B0087E174 /* Generic.swift */ = {isa = PBXFileReference; fileEncoding = 4; lastKnownFileType = sourcecode.swift; path = Generic.swift; sourceTree = "<group>"; };
		2E757A7A1C1DC0C80087E174 /* Field, Sign.swift */ = {isa = PBXFileReference; fileEncoding = 4; lastKnownFileType = sourcecode.swift; path = "Field, Sign.swift"; sourceTree = "<group>"; };
		2E757A7C1C1DC1B70087E174 /* Grid+Lines.swift */ = {isa = PBXFileReference; fileEncoding = 4; lastKnownFileType = sourcecode.swift; path = "Grid+Lines.swift"; sourceTree = "<group>"; };
		2E757A7E1C2039400087E174 /* Directions.swift */ = {isa = PBXFileReference; fileEncoding = 4; lastKnownFileType = sourcecode.swift; path = Directions.swift; sourceTree = "<group>"; };
		2E757A801C20395D0087E174 /* Lines.swift */ = {isa = PBXFileReference; fileEncoding = 4; lastKnownFileType = sourcecode.swift; path = Lines.swift; sourceTree = "<group>"; };
		2E757A821C257A610087E174 /* Rules.swift */ = {isa = PBXFileReference; fileEncoding = 4; lastKnownFileType = sourcecode.swift; path = Rules.swift; sourceTree = "<group>"; };
		2EF169B51C329FBB0099CD45 /* TicTacToeGrid.swift */ = {isa = PBXFileReference; fileEncoding = 4; lastKnownFileType = sourcecode.swift; path = TicTacToeGrid.swift; sourceTree = "<group>"; };
		2EF169B71C32BFD10099CD45 /* GridButton.swift */ = {isa = PBXFileReference; fileEncoding = 4; lastKnownFileType = sourcecode.swift; path = GridButton.swift; sourceTree = "<group>"; };
		2EF169B91C330A7B0099CD45 /* GameLabel.swift */ = {isa = PBXFileReference; fileEncoding = 4; lastKnownFileType = sourcecode.swift; path = GameLabel.swift; sourceTree = "<group>"; };
		3B791E8B559643C7FAA6C5C9 /* Pods-TicTacToe.release.xcconfig */ = {isa = PBXFileReference; includeInIndex = 1; lastKnownFileType = text.xcconfig; name = "Pods-TicTacToe.release.xcconfig"; path = "Pods/Target Support Files/Pods-TicTacToe/Pods-TicTacToe.release.xcconfig"; sourceTree = "<group>"; };
		CFAD61DB8CEEE651BB3E5FB3 /* Pods-TicTacToe.debug.xcconfig */ = {isa = PBXFileReference; includeInIndex = 1; lastKnownFileType = text.xcconfig; name = "Pods-TicTacToe.debug.xcconfig"; path = "Pods/Target Support Files/Pods-TicTacToe/Pods-TicTacToe.debug.xcconfig"; sourceTree = "<group>"; };
		FCC2DBC8D79B68EAC6B09943 /* Pods_TicTacToe.framework */ = {isa = PBXFileReference; explicitFileType = wrapper.framework; includeInIndex = 0; path = Pods_TicTacToe.framework; sourceTree = BUILT_PRODUCTS_DIR; };
/* End PBXFileReference section */

/* Begin PBXFrameworksBuildPhase section */
		2E2FB9531C1C9F95009062D5 /* Frameworks */ = {
			isa = PBXFrameworksBuildPhase;
			buildActionMask = 2147483647;
			files = (
				7251DE84BC7BA02A82DF346B /* Pods_TicTacToe.framework in Frameworks */,
			);
			runOnlyForDeploymentPostprocessing = 0;
		};
		2E2FB9671C1C9F95009062D5 /* Frameworks */ = {
			isa = PBXFrameworksBuildPhase;
			buildActionMask = 2147483647;
			files = (
			);
			runOnlyForDeploymentPostprocessing = 0;
		};
/* End PBXFrameworksBuildPhase section */

/* Begin PBXGroup section */
		2E2FB94D1C1C9F95009062D5 = {
			isa = PBXGroup;
			children = (
				2E2FB9581C1C9F95009062D5 /* TicTacToe */,
				2E2FB96D1C1C9F95009062D5 /* TicTacToeTests */,
				2E2FB9571C1C9F95009062D5 /* Products */,
				88AE80805E5B69D17507C849 /* Pods */,
				3846F0C16FD8D28AB4E1D5E4 /* Frameworks */,
			);
			sourceTree = "<group>";
		};
		2E2FB9571C1C9F95009062D5 /* Products */ = {
			isa = PBXGroup;
			children = (
				2E2FB9561C1C9F95009062D5 /* TicTacToe.app */,
				2E2FB96A1C1C9F95009062D5 /* TicTacToeTests.xctest */,
			);
			name = Products;
			sourceTree = "<group>";
		};
		2E2FB9581C1C9F95009062D5 /* TicTacToe */ = {
			isa = PBXGroup;
			children = (
				2E2FB9591C1C9F95009062D5 /* AppDelegate.swift */,
				2E2FB95B1C1C9F95009062D5 /* ViewController.swift */,
				2EF169B91C330A7B0099CD45 /* GameLabel.swift */,
				2EF169B71C32BFD10099CD45 /* GridButton.swift */,
				2EF169B51C329FBB0099CD45 /* TicTacToeGrid.swift */,
				2E2FB9791C1C9FCE009062D5 /* Grid.swift */,
				2E757A7A1C1DC0C80087E174 /* Field, Sign.swift */,
				2E60EB7B1C1CAA8B00C58943 /* Game Logic.swift */,
				2E757A821C257A610087E174 /* Rules.swift */,
				2E757A7C1C1DC1B70087E174 /* Grid+Lines.swift */,
				2E757A7E1C2039400087E174 /* Directions.swift */,
				2E757A801C20395D0087E174 /* Lines.swift */,
				2E757A781C1D8A3B0087E174 /* Generic.swift */,
				2E2FB95D1C1C9F95009062D5 /* Main.storyboard */,
				2E2FB9601C1C9F95009062D5 /* Assets.xcassets */,
				2E2FB9621C1C9F95009062D5 /* LaunchScreen.storyboard */,
				2E2FB9651C1C9F95009062D5 /* Info.plist */,
			);
			path = TicTacToe;
			sourceTree = "<group>";
		};
		2E2FB96D1C1C9F95009062D5 /* TicTacToeTests */ = {
			isa = PBXGroup;
			children = (
				2E2FB96E1C1C9F95009062D5 /* TicTacToeTests.swift */,
				2E2FB9701C1C9F95009062D5 /* Info.plist */,
			);
			path = TicTacToeTests;
			sourceTree = "<group>";
		};
		3846F0C16FD8D28AB4E1D5E4 /* Frameworks */ = {
			isa = PBXGroup;
			children = (
				FCC2DBC8D79B68EAC6B09943 /* Pods_TicTacToe.framework */,
			);
			name = Frameworks;
			sourceTree = "<group>";
		};
		88AE80805E5B69D17507C849 /* Pods */ = {
			isa = PBXGroup;
			children = (
				CFAD61DB8CEEE651BB3E5FB3 /* Pods-TicTacToe.debug.xcconfig */,
				3B791E8B559643C7FAA6C5C9 /* Pods-TicTacToe.release.xcconfig */,
			);
			name = Pods;
			sourceTree = "<group>";
		};
/* End PBXGroup section */

/* Begin PBXNativeTarget section */
		2E2FB9551C1C9F95009062D5 /* TicTacToe */ = {
			isa = PBXNativeTarget;
			buildConfigurationList = 2E2FB9731C1C9F95009062D5 /* Build configuration list for PBXNativeTarget "TicTacToe" */;
			buildPhases = (
				8EA8170C10F7B3C83F5BD047 /* Check Pods Manifest.lock */,
				2E2FB9521C1C9F95009062D5 /* Sources */,
				2E2FB9531C1C9F95009062D5 /* Frameworks */,
				2E2FB9541C1C9F95009062D5 /* Resources */,
				2ED1B31CCCCED92515AF17B1 /* Embed Pods Frameworks */,
				61150C856A7D928C902EDACB /* Copy Pods Resources */,
			);
			buildRules = (
			);
			dependencies = (
			);
			name = TicTacToe;
			productName = TicTacToe;
			productReference = 2E2FB9561C1C9F95009062D5 /* TicTacToe.app */;
			productType = "com.apple.product-type.application";
		};
		2E2FB9691C1C9F95009062D5 /* TicTacToeTests */ = {
			isa = PBXNativeTarget;
			buildConfigurationList = 2E2FB9761C1C9F95009062D5 /* Build configuration list for PBXNativeTarget "TicTacToeTests" */;
			buildPhases = (
				2E2FB9661C1C9F95009062D5 /* Sources */,
				2E2FB9671C1C9F95009062D5 /* Frameworks */,
				2E2FB9681C1C9F95009062D5 /* Resources */,
			);
			buildRules = (
			);
			dependencies = (
				2E2FB96C1C1C9F95009062D5 /* PBXTargetDependency */,
			);
			name = TicTacToeTests;
			productName = TicTacToeTests;
			productReference = 2E2FB96A1C1C9F95009062D5 /* TicTacToeTests.xctest */;
			productType = "com.apple.product-type.bundle.unit-test";
		};
/* End PBXNativeTarget section */

/* Begin PBXProject section */
		2E2FB94E1C1C9F95009062D5 /* Project object */ = {
			isa = PBXProject;
			attributes = {
				LastSwiftUpdateCheck = 0720;
				LastUpgradeCheck = 0720;
				ORGANIZATIONNAME = "Maarten Schumacher";
				TargetAttributes = {
					2E2FB9551C1C9F95009062D5 = {
						CreatedOnToolsVersion = 7.2;
					};
					2E2FB9691C1C9F95009062D5 = {
						CreatedOnToolsVersion = 7.2;
						TestTargetID = 2E2FB9551C1C9F95009062D5;
					};
				};
			};
			buildConfigurationList = 2E2FB9511C1C9F95009062D5 /* Build configuration list for PBXProject "TicTacToe" */;
			compatibilityVersion = "Xcode 3.2";
			developmentRegion = English;
			hasScannedForEncodings = 0;
			knownRegions = (
				en,
				Base,
			);
			mainGroup = 2E2FB94D1C1C9F95009062D5;
			productRefGroup = 2E2FB9571C1C9F95009062D5 /* Products */;
			projectDirPath = "";
			projectRoot = "";
			targets = (
				2E2FB9551C1C9F95009062D5 /* TicTacToe */,
				2E2FB9691C1C9F95009062D5 /* TicTacToeTests */,
			);
		};
/* End PBXProject section */

/* Begin PBXResourcesBuildPhase section */
		2E2FB9541C1C9F95009062D5 /* Resources */ = {
			isa = PBXResourcesBuildPhase;
			buildActionMask = 2147483647;
			files = (
				2E2FB9641C1C9F95009062D5 /* LaunchScreen.storyboard in Resources */,
				2E2FB9611C1C9F95009062D5 /* Assets.xcassets in Resources */,
				2E2FB95F1C1C9F95009062D5 /* Main.storyboard in Resources */,
			);
			runOnlyForDeploymentPostprocessing = 0;
		};
		2E2FB9681C1C9F95009062D5 /* Resources */ = {
			isa = PBXResourcesBuildPhase;
			buildActionMask = 2147483647;
			files = (
			);
			runOnlyForDeploymentPostprocessing = 0;
		};
/* End PBXResourcesBuildPhase section */

/* Begin PBXShellScriptBuildPhase section */
		2ED1B31CCCCED92515AF17B1 /* Embed Pods Frameworks */ = {
			isa = PBXShellScriptBuildPhase;
			buildActionMask = 2147483647;
			files = (
			);
			inputPaths = (
			);
			name = "Embed Pods Frameworks";
			outputPaths = (
			);
			runOnlyForDeploymentPostprocessing = 0;
			shellPath = /bin/sh;
			shellScript = "\"${SRCROOT}/Pods/Target Support Files/Pods-TicTacToe/Pods-TicTacToe-frameworks.sh\"\n";
			showEnvVarsInLog = 0;
		};
		61150C856A7D928C902EDACB /* Copy Pods Resources */ = {
			isa = PBXShellScriptBuildPhase;
			buildActionMask = 2147483647;
			files = (
			);
			inputPaths = (
			);
			name = "Copy Pods Resources";
			outputPaths = (
			);
			runOnlyForDeploymentPostprocessing = 0;
			shellPath = /bin/sh;
			shellScript = "\"${SRCROOT}/Pods/Target Support Files/Pods-TicTacToe/Pods-TicTacToe-resources.sh\"\n";
			showEnvVarsInLog = 0;
		};
		8EA8170C10F7B3C83F5BD047 /* Check Pods Manifest.lock */ = {
			isa = PBXShellScriptBuildPhase;
			buildActionMask = 2147483647;
			files = (
			);
			inputPaths = (
			);
			name = "Check Pods Manifest.lock";
			outputPaths = (
			);
			runOnlyForDeploymentPostprocessing = 0;
			shellPath = /bin/sh;
			shellScript = "diff \"${PODS_ROOT}/../Podfile.lock\" \"${PODS_ROOT}/Manifest.lock\" > /dev/null\nif [[ $? != 0 ]] ; then\n    cat << EOM\nerror: The sandbox is not in sync with the Podfile.lock. Run 'pod install' or update your CocoaPods installation.\nEOM\n    exit 1\nfi\n";
			showEnvVarsInLog = 0;
		};
/* End PBXShellScriptBuildPhase section */

/* Begin PBXSourcesBuildPhase section */
		2E2FB9521C1C9F95009062D5 /* Sources */ = {
			isa = PBXSourcesBuildPhase;
			buildActionMask = 2147483647;
			files = (
				2EF169BA1C330A7B0099CD45 /* GameLabel.swift in Sources */,
				2E757A791C1D8A3B0087E174 /* Generic.swift in Sources */,
				2E757A7D1C1DC1B70087E174 /* Grid+Lines.swift in Sources */,
				2E757A811C20395D0087E174 /* Lines.swift in Sources */,
				2E2FB95C1C1C9F95009062D5 /* ViewController.swift in Sources */,
				2E2FB95A1C1C9F95009062D5 /* AppDelegate.swift in Sources */,
				2E757A7B1C1DC0C80087E174 /* Field, Sign.swift in Sources */,
				2E2FB97A1C1C9FCE009062D5 /* Grid.swift in Sources */,
				2E60EB7C1C1CAA8B00C58943 /* Game Logic.swift in Sources */,
				2E757A7F1C2039410087E174 /* Directions.swift in Sources */,
				2EF169B81C32BFD10099CD45 /* GridButton.swift in Sources */,
				2EF169B61C329FBB0099CD45 /* TicTacToeGrid.swift in Sources */,
				2E757A831C257A610087E174 /* Rules.swift in Sources */,
			);
			runOnlyForDeploymentPostprocessing = 0;
		};
		2E2FB9661C1C9F95009062D5 /* Sources */ = {
			isa = PBXSourcesBuildPhase;
			buildActionMask = 2147483647;
			files = (
				2E2FB96F1C1C9F95009062D5 /* TicTacToeTests.swift in Sources */,
			);
			runOnlyForDeploymentPostprocessing = 0;
		};
/* End PBXSourcesBuildPhase section */

/* Begin PBXTargetDependency section */
		2E2FB96C1C1C9F95009062D5 /* PBXTargetDependency */ = {
			isa = PBXTargetDependency;
			target = 2E2FB9551C1C9F95009062D5 /* TicTacToe */;
			targetProxy = 2E2FB96B1C1C9F95009062D5 /* PBXContainerItemProxy */;
		};
/* End PBXTargetDependency section */

/* Begin PBXVariantGroup section */
		2E2FB95D1C1C9F95009062D5 /* Main.storyboard */ = {
			isa = PBXVariantGroup;
			children = (
				2E2FB95E1C1C9F95009062D5 /* Base */,
			);
			name = Main.storyboard;
			sourceTree = "<group>";
		};
		2E2FB9621C1C9F95009062D5 /* LaunchScreen.storyboard */ = {
			isa = PBXVariantGroup;
			children = (
				2E2FB9631C1C9F95009062D5 /* Base */,
			);
			name = LaunchScreen.storyboard;
			sourceTree = "<group>";
		};
/* End PBXVariantGroup section */

/* Begin XCBuildConfiguration section */
		2E2FB9711C1C9F95009062D5 /* Debug */ = {
			isa = XCBuildConfiguration;
			buildSettings = {
				ALWAYS_SEARCH_USER_PATHS = NO;
				CLANG_CXX_LANGUAGE_STANDARD = "gnu++0x";
				CLANG_CXX_LIBRARY = "libc++";
				CLANG_ENABLE_MODULES = YES;
				CLANG_ENABLE_OBJC_ARC = YES;
				CLANG_WARN_BOOL_CONVERSION = YES;
				CLANG_WARN_CONSTANT_CONVERSION = YES;
				CLANG_WARN_DIRECT_OBJC_ISA_USAGE = YES_ERROR;
				CLANG_WARN_EMPTY_BODY = YES;
				CLANG_WARN_ENUM_CONVERSION = YES;
				CLANG_WARN_INT_CONVERSION = YES;
				CLANG_WARN_OBJC_ROOT_CLASS = YES_ERROR;
				CLANG_WARN_UNREACHABLE_CODE = YES;
				CLANG_WARN__DUPLICATE_METHOD_MATCH = YES;
				"CODE_SIGN_IDENTITY[sdk=iphoneos*]" = "iPhone Developer";
				COPY_PHASE_STRIP = NO;
				DEBUG_INFORMATION_FORMAT = dwarf;
				ENABLE_STRICT_OBJC_MSGSEND = YES;
				ENABLE_TESTABILITY = YES;
				GCC_C_LANGUAGE_STANDARD = gnu99;
				GCC_DYNAMIC_NO_PIC = NO;
				GCC_NO_COMMON_BLOCKS = YES;
				GCC_OPTIMIZATION_LEVEL = 0;
				GCC_PREPROCESSOR_DEFINITIONS = (
					"DEBUG=1",
					"$(inherited)",
				);
				GCC_WARN_64_TO_32_BIT_CONVERSION = YES;
				GCC_WARN_ABOUT_RETURN_TYPE = YES_ERROR;
				GCC_WARN_UNDECLARED_SELECTOR = YES;
				GCC_WARN_UNINITIALIZED_AUTOS = YES_AGGRESSIVE;
				GCC_WARN_UNUSED_FUNCTION = YES;
				GCC_WARN_UNUSED_VARIABLE = YES;
				IPHONEOS_DEPLOYMENT_TARGET = 9.2;
				MTL_ENABLE_DEBUG_INFO = YES;
				ONLY_ACTIVE_ARCH = YES;
				SDKROOT = iphoneos;
				SWIFT_OPTIMIZATION_LEVEL = "-Onone";
			};
			name = Debug;
		};
		2E2FB9721C1C9F95009062D5 /* Release */ = {
			isa = XCBuildConfiguration;
			buildSettings = {
				ALWAYS_SEARCH_USER_PATHS = NO;
				CLANG_CXX_LANGUAGE_STANDARD = "gnu++0x";
				CLANG_CXX_LIBRARY = "libc++";
				CLANG_ENABLE_MODULES = YES;
				CLANG_ENABLE_OBJC_ARC = YES;
				CLANG_WARN_BOOL_CONVERSION = YES;
				CLANG_WARN_CONSTANT_CONVERSION = YES;
				CLANG_WARN_DIRECT_OBJC_ISA_USAGE = YES_ERROR;
				CLANG_WARN_EMPTY_BODY = YES;
				CLANG_WARN_ENUM_CONVERSION = YES;
				CLANG_WARN_INT_CONVERSION = YES;
				CLANG_WARN_OBJC_ROOT_CLASS = YES_ERROR;
				CLANG_WARN_UNREACHABLE_CODE = YES;
				CLANG_WARN__DUPLICATE_METHOD_MATCH = YES;
				"CODE_SIGN_IDENTITY[sdk=iphoneos*]" = "iPhone Developer";
				COPY_PHASE_STRIP = NO;
				DEBUG_INFORMATION_FORMAT = "dwarf-with-dsym";
				ENABLE_NS_ASSERTIONS = NO;
				ENABLE_STRICT_OBJC_MSGSEND = YES;
				GCC_C_LANGUAGE_STANDARD = gnu99;
				GCC_NO_COMMON_BLOCKS = YES;
				GCC_WARN_64_TO_32_BIT_CONVERSION = YES;
				GCC_WARN_ABOUT_RETURN_TYPE = YES_ERROR;
				GCC_WARN_UNDECLARED_SELECTOR = YES;
				GCC_WARN_UNINITIALIZED_AUTOS = YES_AGGRESSIVE;
				GCC_WARN_UNUSED_FUNCTION = YES;
				GCC_WARN_UNUSED_VARIABLE = YES;
				IPHONEOS_DEPLOYMENT_TARGET = 9.2;
				MTL_ENABLE_DEBUG_INFO = NO;
				SDKROOT = iphoneos;
				VALIDATE_PRODUCT = YES;
			};
			name = Release;
		};
		2E2FB9741C1C9F95009062D5 /* Debug */ = {
			isa = XCBuildConfiguration;
			baseConfigurationReference = CFAD61DB8CEEE651BB3E5FB3 /* Pods-TicTacToe.debug.xcconfig */;
			buildSettings = {
				ASSETCATALOG_COMPILER_APPICON_NAME = AppIcon;
				INFOPLIST_FILE = TicTacToe/Info.plist;
				LD_RUNPATH_SEARCH_PATHS = "$(inherited) @executable_path/Frameworks";
				PRODUCT_BUNDLE_IDENTIFIER = MS.TicTacToe;
				PRODUCT_NAME = "$(TARGET_NAME)";
			};
			name = Debug;
		};
		2E2FB9751C1C9F95009062D5 /* Release */ = {
			isa = XCBuildConfiguration;
			baseConfigurationReference = 3B791E8B559643C7FAA6C5C9 /* Pods-TicTacToe.release.xcconfig */;
			buildSettings = {
				ASSETCATALOG_COMPILER_APPICON_NAME = AppIcon;
				INFOPLIST_FILE = TicTacToe/Info.plist;
				LD_RUNPATH_SEARCH_PATHS = "$(inherited) @executable_path/Frameworks";
				PRODUCT_BUNDLE_IDENTIFIER = MS.TicTacToe;
				PRODUCT_NAME = "$(TARGET_NAME)";
			};
			name = Release;
		};
		2E2FB9771C1C9F95009062D5 /* Debug */ = {
			isa = XCBuildConfiguration;
			buildSettings = {
				BUNDLE_LOADER = "$(TEST_HOST)";
				INFOPLIST_FILE = TicTacToeTests/Info.plist;
				LD_RUNPATH_SEARCH_PATHS = "$(inherited) @executable_path/Frameworks @loader_path/Frameworks";
				PRODUCT_BUNDLE_IDENTIFIER = MS.TicTacToeTests;
				PRODUCT_NAME = "$(TARGET_NAME)";
				TEST_HOST = "$(BUILT_PRODUCTS_DIR)/TicTacToe.app/TicTacToe";
			};
			name = Debug;
		};
		2E2FB9781C1C9F95009062D5 /* Release */ = {
			isa = XCBuildConfiguration;
			buildSettings = {
				BUNDLE_LOADER = "$(TEST_HOST)";
				INFOPLIST_FILE = TicTacToeTests/Info.plist;
				LD_RUNPATH_SEARCH_PATHS = "$(inherited) @executable_path/Frameworks @loader_path/Frameworks";
				PRODUCT_BUNDLE_IDENTIFIER = MS.TicTacToeTests;
				PRODUCT_NAME = "$(TARGET_NAME)";
				TEST_HOST = "$(BUILT_PRODUCTS_DIR)/TicTacToe.app/TicTacToe";
			};
			name = Release;
		};
/* End XCBuildConfiguration section */

/* Begin XCConfigurationList section */
		2E2FB9511C1C9F95009062D5 /* Build configuration list for PBXProject "TicTacToe" */ = {
			isa = XCConfigurationList;
			buildConfigurations = (
				2E2FB9711C1C9F95009062D5 /* Debug */,
				2E2FB9721C1C9F95009062D5 /* Release */,
			);
			defaultConfigurationIsVisible = 0;
			defaultConfigurationName = Release;
		};
		2E2FB9731C1C9F95009062D5 /* Build configuration list for PBXNativeTarget "TicTacToe" */ = {
			isa = XCConfigurationList;
			buildConfigurations = (
				2E2FB9741C1C9F95009062D5 /* Debug */,
				2E2FB9751C1C9F95009062D5 /* Release */,
			);
			defaultConfigurationIsVisible = 0;
			defaultConfigurationName = Release;
		};
		2E2FB9761C1C9F95009062D5 /* Build configuration list for PBXNativeTarget "TicTacToeTests" */ = {
			isa = XCConfigurationList;
			buildConfigurations = (
				2E2FB9771C1C9F95009062D5 /* Debug */,
				2E2FB9781C1C9F95009062D5 /* Release */,
			);
			defaultConfigurationIsVisible = 0;
			defaultConfigurationName = Release;
		};
/* End XCConfigurationList section */
	};
	rootObject = 2E2FB94E1C1C9F95009062D5 /* Project object */;
}
